
Microsoft Visual Studio Solution File, Format Version 12.00
# Visual Studio 15
VisualStudioVersion = 15.0.26730.16
MinimumVisualStudioVersion = 10.0.40219.1
Project("{FAE04EC0-301F-11D3-BF4B-00C04F79EFBC}") = "PlantasTest01.Android", "PlantasTest01\PlantasTest01.Android\PlantasTest01.Android.csproj", "{F623C88A-A62D-4339-9EDE-C4FA9B17348B}"
EndProject
Project("{FAE04EC0-301F-11D3-BF4B-00C04F79EFBC}") = "PlantasTest01", "PlantasTest01\PlantasTest01\PlantasTest01.csproj", "{B580074D-F99A-4308-8C18-83E9E1C721B7}"
EndProject
Project("{FAE04EC0-301F-11D3-BF4B-00C04F79EFBC}") = "PlantasTest01.UWP", "PlantasTest01\PlantasTest01.UWP\PlantasTest01.UWP.csproj", "{0A8B9EEB-95FB-461B-828C-52329733C6CE}"
EndProject
Project("{FAE04EC0-301F-11D3-BF4B-00C04F79EFBC}") = "PlantasTest01.iOS", "PlantasTest01\PlantasTest01.iOS\PlantasTest01.iOS.csproj", "{0F412BDC-374E-4035-A776-B65D5939A12F}"
EndProject
Global
	GlobalSection(SolutionConfigurationPlatforms) = preSolution
		Ad-Hoc|Any CPU = Ad-Hoc|Any CPU
		Ad-Hoc|ARM = Ad-Hoc|ARM
		Ad-Hoc|iPhone = Ad-Hoc|iPhone
		Ad-Hoc|iPhoneSimulator = Ad-Hoc|iPhoneSimulator
		Ad-Hoc|x64 = Ad-Hoc|x64
		Ad-Hoc|x86 = Ad-Hoc|x86
		AppStore|Any CPU = AppStore|Any CPU
		AppStore|ARM = AppStore|ARM
		AppStore|iPhone = AppStore|iPhone
		AppStore|iPhoneSimulator = AppStore|iPhoneSimulator
		AppStore|x64 = AppStore|x64
		AppStore|x86 = AppStore|x86
		Debug|Any CPU = Debug|Any CPU
		Debug|ARM = Debug|ARM
		Debug|iPhone = Debug|iPhone
		Debug|iPhoneSimulator = Debug|iPhoneSimulator
		Debug|x64 = Debug|x64
		Debug|x86 = Debug|x86
		Release|Any CPU = Release|Any CPU
		Release|ARM = Release|ARM
		Release|iPhone = Release|iPhone
		Release|iPhoneSimulator = Release|iPhoneSimulator
		Release|x64 = Release|x64
		Release|x86 = Release|x86
	EndGlobalSection
	GlobalSection(ProjectConfigurationPlatforms) = postSolution
		{F623C88A-A62D-4339-9EDE-C4FA9B17348B}.Ad-Hoc|Any CPU.ActiveCfg = Release|Any CPU
		{F623C88A-A62D-4339-9EDE-C4FA9B17348B}.Ad-Hoc|Any CPU.Build.0 = Release|Any CPU
		{F623C88A-A62D-4339-9EDE-C4FA9B17348B}.Ad-Hoc|Any CPU.Deploy.0 = Release|Any CPU
		{F623C88A-A62D-4339-9EDE-C4FA9B17348B}.Ad-Hoc|ARM.ActiveCfg = Release|Any CPU
		{F623C88A-A62D-4339-9EDE-C4FA9B17348B}.Ad-Hoc|ARM.Build.0 = Release|Any CPU
		{F623C88A-A62D-4339-9EDE-C4FA9B17348B}.Ad-Hoc|ARM.Deploy.0 = Release|Any CPU
		{F623C88A-A62D-4339-9EDE-C4FA9B17348B}.Ad-Hoc|iPhone.ActiveCfg = Release|Any CPU
		{F623C88A-A62D-4339-9EDE-C4FA9B17348B}.Ad-Hoc|iPhone.Build.0 = Release|Any CPU
		{F623C88A-A62D-4339-9EDE-C4FA9B17348B}.Ad-Hoc|iPhone.Deploy.0 = Release|Any CPU
		{F623C88A-A62D-4339-9EDE-C4FA9B17348B}.Ad-Hoc|iPhoneSimulator.ActiveCfg = Release|Any CPU
		{F623C88A-A62D-4339-9EDE-C4FA9B17348B}.Ad-Hoc|iPhoneSimulator.Build.0 = Release|Any CPU
		{F623C88A-A62D-4339-9EDE-C4FA9B17348B}.Ad-Hoc|iPhoneSimulator.Deploy.0 = Release|Any CPU
		{F623C88A-A62D-4339-9EDE-C4FA9B17348B}.Ad-Hoc|x64.ActiveCfg = Release|Any CPU
		{F623C88A-A62D-4339-9EDE-C4FA9B17348B}.Ad-Hoc|x64.Build.0 = Release|Any CPU
		{F623C88A-A62D-4339-9EDE-C4FA9B17348B}.Ad-Hoc|x64.Deploy.0 = Release|Any CPU
		{F623C88A-A62D-4339-9EDE-C4FA9B17348B}.Ad-Hoc|x86.ActiveCfg = Release|Any CPU
		{F623C88A-A62D-4339-9EDE-C4FA9B17348B}.Ad-Hoc|x86.Build.0 = Release|Any CPU
		{F623C88A-A62D-4339-9EDE-C4FA9B17348B}.Ad-Hoc|x86.Deploy.0 = Release|Any CPU
		{F623C88A-A62D-4339-9EDE-C4FA9B17348B}.AppStore|Any CPU.ActiveCfg = Release|Any CPU
		{F623C88A-A62D-4339-9EDE-C4FA9B17348B}.AppStore|Any CPU.Build.0 = Release|Any CPU
		{F623C88A-A62D-4339-9EDE-C4FA9B17348B}.AppStore|Any CPU.Deploy.0 = Release|Any CPU
		{F623C88A-A62D-4339-9EDE-C4FA9B17348B}.AppStore|ARM.ActiveCfg = Release|Any CPU
		{F623C88A-A62D-4339-9EDE-C4FA9B17348B}.AppStore|ARM.Build.0 = Release|Any CPU
		{F623C88A-A62D-4339-9EDE-C4FA9B17348B}.AppStore|ARM.Deploy.0 = Release|Any CPU
		{F623C88A-A62D-4339-9EDE-C4FA9B17348B}.AppStore|iPhone.ActiveCfg = Release|Any CPU
		{F623C88A-A62D-4339-9EDE-C4FA9B17348B}.AppStore|iPhone.Build.0 = Release|Any CPU
		{F623C88A-A62D-4339-9EDE-C4FA9B17348B}.AppStore|iPhone.Deploy.0 = Release|Any CPU
		{F623C88A-A62D-4339-9EDE-C4FA9B17348B}.AppStore|iPhoneSimulator.ActiveCfg = Release|Any CPU
		{F623C88A-A62D-4339-9EDE-C4FA9B17348B}.AppStore|iPhoneSimulator.Build.0 = Release|Any CPU
		{F623C88A-A62D-4339-9EDE-C4FA9B17348B}.AppStore|iPhoneSimulator.Deploy.0 = Release|Any CPU
		{F623C88A-A62D-4339-9EDE-C4FA9B17348B}.AppStore|x64.ActiveCfg = Release|Any CPU
		{F623C88A-A62D-4339-9EDE-C4FA9B17348B}.AppStore|x64.Build.0 = Release|Any CPU
		{F623C88A-A62D-4339-9EDE-C4FA9B17348B}.AppStore|x64.Deploy.0 = Release|Any CPU
		{F623C88A-A62D-4339-9EDE-C4FA9B17348B}.AppStore|x86.ActiveCfg = Release|Any CPU
		{F623C88A-A62D-4339-9EDE-C4FA9B17348B}.AppStore|x86.Build.0 = Release|Any CPU
		{F623C88A-A62D-4339-9EDE-C4FA9B17348B}.AppStore|x86.Deploy.0 = Release|Any CPU
		{F623C88A-A62D-4339-9EDE-C4FA9B17348B}.Debug|Any CPU.ActiveCfg = Debug|Any CPU
		{F623C88A-A62D-4339-9EDE-C4FA9B17348B}.Debug|Any CPU.Build.0 = Debug|Any CPU
		{F623C88A-A62D-4339-9EDE-C4FA9B17348B}.Debug|Any CPU.Deploy.0 = Debug|Any CPU
		{F623C88A-A62D-4339-9EDE-C4FA9B17348B}.Debug|ARM.ActiveCfg = Debug|Any CPU
		{F623C88A-A62D-4339-9EDE-C4FA9B17348B}.Debug|ARM.Build.0 = Debug|Any CPU
		{F623C88A-A62D-4339-9EDE-C4FA9B17348B}.Debug|ARM.Deploy.0 = Debug|Any CPU
		{F623C88A-A62D-4339-9EDE-C4FA9B17348B}.Debug|iPhone.ActiveCfg = Debug|Any CPU
		{F623C88A-A62D-4339-9EDE-C4FA9B17348B}.Debug|iPhone.Build.0 = Debug|Any CPU
		{F623C88A-A62D-4339-9EDE-C4FA9B17348B}.Debug|iPhone.Deploy.0 = Debug|Any CPU
		{F623C88A-A62D-4339-9EDE-C4FA9B17348B}.Debug|iPhoneSimulator.ActiveCfg = Debug|Any CPU
		{F623C88A-A62D-4339-9EDE-C4FA9B17348B}.Debug|iPhoneSimulator.Build.0 = Debug|Any CPU
		{F623C88A-A62D-4339-9EDE-C4FA9B17348B}.Debug|iPhoneSimulator.Deploy.0 = Debug|Any CPU
		{F623C88A-A62D-4339-9EDE-C4FA9B17348B}.Debug|x64.ActiveCfg = Debug|Any CPU
		{F623C88A-A62D-4339-9EDE-C4FA9B17348B}.Debug|x64.Build.0 = Debug|Any CPU
		{F623C88A-A62D-4339-9EDE-C4FA9B17348B}.Debug|x64.Deploy.0 = Debug|Any CPU
		{F623C88A-A62D-4339-9EDE-C4FA9B17348B}.Debug|x86.ActiveCfg = Debug|Any CPU
		{F623C88A-A62D-4339-9EDE-C4FA9B17348B}.Debug|x86.Build.0 = Debug|Any CPU
		{F623C88A-A62D-4339-9EDE-C4FA9B17348B}.Debug|x86.Deploy.0 = Debug|Any CPU
		{F623C88A-A62D-4339-9EDE-C4FA9B17348B}.Release|Any CPU.ActiveCfg = Release|Any CPU
		{F623C88A-A62D-4339-9EDE-C4FA9B17348B}.Release|Any CPU.Build.0 = Release|Any CPU
		{F623C88A-A62D-4339-9EDE-C4FA9B17348B}.Release|Any CPU.Deploy.0 = Release|Any CPU
		{F623C88A-A62D-4339-9EDE-C4FA9B17348B}.Release|ARM.ActiveCfg = Release|Any CPU
		{F623C88A-A62D-4339-9EDE-C4FA9B17348B}.Release|ARM.Build.0 = Release|Any CPU
		{F623C88A-A62D-4339-9EDE-C4FA9B17348B}.Release|ARM.Deploy.0 = Release|Any CPU
		{F623C88A-A62D-4339-9EDE-C4FA9B17348B}.Release|iPhone.ActiveCfg = Release|Any CPU
		{F623C88A-A62D-4339-9EDE-C4FA9B17348B}.Release|iPhone.Build.0 = Release|Any CPU
		{F623C88A-A62D-4339-9EDE-C4FA9B17348B}.Release|iPhone.Deploy.0 = Release|Any CPU
		{F623C88A-A62D-4339-9EDE-C4FA9B17348B}.Release|iPhoneSimulator.ActiveCfg = Release|Any CPU
		{F623C88A-A62D-4339-9EDE-C4FA9B17348B}.Release|iPhoneSimulator.Build.0 = Release|Any CPU
		{F623C88A-A62D-4339-9EDE-C4FA9B17348B}.Release|iPhoneSimulator.Deploy.0 = Release|Any CPU
		{F623C88A-A62D-4339-9EDE-C4FA9B17348B}.Release|x64.ActiveCfg = Release|Any CPU
		{F623C88A-A62D-4339-9EDE-C4FA9B17348B}.Release|x64.Build.0 = Release|Any CPU
		{F623C88A-A62D-4339-9EDE-C4FA9B17348B}.Release|x64.Deploy.0 = Release|Any CPU
		{F623C88A-A62D-4339-9EDE-C4FA9B17348B}.Release|x86.ActiveCfg = Release|Any CPU
		{F623C88A-A62D-4339-9EDE-C4FA9B17348B}.Release|x86.Build.0 = Release|Any CPU
		{F623C88A-A62D-4339-9EDE-C4FA9B17348B}.Release|x86.Deploy.0 = Release|Any CPU
		{B580074D-F99A-4308-8C18-83E9E1C721B7}.Ad-Hoc|Any CPU.ActiveCfg = Release|Any CPU
		{B580074D-F99A-4308-8C18-83E9E1C721B7}.Ad-Hoc|Any CPU.Build.0 = Release|Any CPU
		{B580074D-F99A-4308-8C18-83E9E1C721B7}.Ad-Hoc|ARM.ActiveCfg = Release|Any CPU
		{B580074D-F99A-4308-8C18-83E9E1C721B7}.Ad-Hoc|ARM.Build.0 = Release|Any CPU
		{B580074D-F99A-4308-8C18-83E9E1C721B7}.Ad-Hoc|iPhone.ActiveCfg = Release|Any CPU
		{B580074D-F99A-4308-8C18-83E9E1C721B7}.Ad-Hoc|iPhone.Build.0 = Release|Any CPU
		{B580074D-F99A-4308-8C18-83E9E1C721B7}.Ad-Hoc|iPhoneSimulator.ActiveCfg = Release|Any CPU
		{B580074D-F99A-4308-8C18-83E9E1C721B7}.Ad-Hoc|iPhoneSimulator.Build.0 = Release|Any CPU
		{B580074D-F99A-4308-8C18-83E9E1C721B7}.Ad-Hoc|x64.ActiveCfg = Release|Any CPU
		{B580074D-F99A-4308-8C18-83E9E1C721B7}.Ad-Hoc|x64.Build.0 = Release|Any CPU
		{B580074D-F99A-4308-8C18-83E9E1C721B7}.Ad-Hoc|x86.ActiveCfg = Release|Any CPU
		{B580074D-F99A-4308-8C18-83E9E1C721B7}.Ad-Hoc|x86.Build.0 = Release|Any CPU
		{B580074D-F99A-4308-8C18-83E9E1C721B7}.AppStore|Any CPU.ActiveCfg = Release|Any CPU
		{B580074D-F99A-4308-8C18-83E9E1C721B7}.AppStore|Any CPU.Build.0 = Release|Any CPU
		{B580074D-F99A-4308-8C18-83E9E1C721B7}.AppStore|ARM.ActiveCfg = Release|Any CPU
		{B580074D-F99A-4308-8C18-83E9E1C721B7}.AppStore|ARM.Build.0 = Release|Any CPU
		{B580074D-F99A-4308-8C18-83E9E1C721B7}.AppStore|iPhone.ActiveCfg = Release|Any CPU
		{B580074D-F99A-4308-8C18-83E9E1C721B7}.AppStore|iPhone.Build.0 = Release|Any CPU
		{B580074D-F99A-4308-8C18-83E9E1C721B7}.AppStore|iPhoneSimulator.ActiveCfg = Release|Any CPU
		{B580074D-F99A-4308-8C18-83E9E1C721B7}.AppStore|iPhoneSimulator.Build.0 = Release|Any CPU
		{B580074D-F99A-4308-8C18-83E9E1C721B7}.AppStore|x64.ActiveCfg = Release|Any CPU
		{B580074D-F99A-4308-8C18-83E9E1C721B7}.AppStore|x64.Build.0 = Release|Any CPU
		{B580074D-F99A-4308-8C18-83E9E1C721B7}.AppStore|x86.ActiveCfg = Release|Any CPU
		{B580074D-F99A-4308-8C18-83E9E1C721B7}.AppStore|x86.Build.0 = Release|Any CPU
		{B580074D-F99A-4308-8C18-83E9E1C721B7}.Debug|Any CPU.ActiveCfg = Debug|Any CPU
		{B580074D-F99A-4308-8C18-83E9E1C721B7}.Debug|Any CPU.Build.0 = Debug|Any CPU
		{B580074D-F99A-4308-8C18-83E9E1C721B7}.Debug|ARM.ActiveCfg = Debug|Any CPU
		{B580074D-F99A-4308-8C18-83E9E1C721B7}.Debug|ARM.Build.0 = Debug|Any CPU
		{B580074D-F99A-4308-8C18-83E9E1C721B7}.Debug|iPhone.ActiveCfg = Debug|Any CPU
		{B580074D-F99A-4308-8C18-83E9E1C721B7}.Debug|iPhone.Build.0 = Debug|Any CPU
		{B580074D-F99A-4308-8C18-83E9E1C721B7}.Debug|iPhoneSimulator.ActiveCfg = Debug|Any CPU
		{B580074D-F99A-4308-8C18-83E9E1C721B7}.Debug|iPhoneSimulator.Build.0 = Debug|Any CPU
		{B580074D-F99A-4308-8C18-83E9E1C721B7}.Debug|x64.ActiveCfg = Debug|Any CPU
		{B580074D-F99A-4308-8C18-83E9E1C721B7}.Debug|x64.Build.0 = Debug|Any CPU
		{B580074D-F99A-4308-8C18-83E9E1C721B7}.Debug|x86.ActiveCfg = Debug|Any CPU
		{B580074D-F99A-4308-8C18-83E9E1C721B7}.Debug|x86.Build.0 = Debug|Any CPU
		{B580074D-F99A-4308-8C18-83E9E1C721B7}.Release|Any CPU.ActiveCfg = Release|Any CPU
		{B580074D-F99A-4308-8C18-83E9E1C721B7}.Release|Any CPU.Build.0 = Release|Any CPU
		{B580074D-F99A-4308-8C18-83E9E1C721B7}.Release|ARM.ActiveCfg = Release|Any CPU
		{B580074D-F99A-4308-8C18-83E9E1C721B7}.Release|ARM.Build.0 = Release|Any CPU
		{B580074D-F99A-4308-8C18-83E9E1C721B7}.Release|iPhone.ActiveCfg = Release|Any CPU
		{B580074D-F99A-4308-8C18-83E9E1C721B7}.Release|iPhone.Build.0 = Release|Any CPU
		{B580074D-F99A-4308-8C18-83E9E1C721B7}.Release|iPhoneSimulator.ActiveCfg = Release|Any CPU
		{B580074D-F99A-4308-8C18-83E9E1C721B7}.Release|iPhoneSimulator.Build.0 = Release|Any CPU
		{B580074D-F99A-4308-8C18-83E9E1C721B7}.Release|x64.ActiveCfg = Release|Any CPU
		{B580074D-F99A-4308-8C18-83E9E1C721B7}.Release|x64.Build.0 = Release|Any CPU
		{B580074D-F99A-4308-8C18-83E9E1C721B7}.Release|x86.ActiveCfg = Release|Any CPU
		{B580074D-F99A-4308-8C18-83E9E1C721B7}.Release|x86.Build.0 = Release|Any CPU
		{0A8B9EEB-95FB-461B-828C-52329733C6CE}.Ad-Hoc|Any CPU.ActiveCfg = Release|x86
		{0A8B9EEB-95FB-461B-828C-52329733C6CE}.Ad-Hoc|Any CPU.Build.0 = Release|x86
		{0A8B9EEB-95FB-461B-828C-52329733C6CE}.Ad-Hoc|Any CPU.Deploy.0 = Release|x86
		{0A8B9EEB-95FB-461B-828C-52329733C6CE}.Ad-Hoc|ARM.ActiveCfg = Release|ARM
		{0A8B9EEB-95FB-461B-828C-52329733C6CE}.Ad-Hoc|ARM.Build.0 = Release|ARM
		{0A8B9EEB-95FB-461B-828C-52329733C6CE}.Ad-Hoc|ARM.Deploy.0 = Release|ARM
		{0A8B9EEB-95FB-461B-828C-52329733C6CE}.Ad-Hoc|iPhone.ActiveCfg = Release|x86
		{0A8B9EEB-95FB-461B-828C-52329733C6CE}.Ad-Hoc|iPhone.Build.0 = Release|x86
		{0A8B9EEB-95FB-461B-828C-52329733C6CE}.Ad-Hoc|iPhone.Deploy.0 = Release|x86
		{0A8B9EEB-95FB-461B-828C-52329733C6CE}.Ad-Hoc|iPhoneSimulator.ActiveCfg = Release|x86
		{0A8B9EEB-95FB-461B-828C-52329733C6CE}.Ad-Hoc|iPhoneSimulator.Build.0 = Release|x86
		{0A8B9EEB-95FB-461B-828C-52329733C6CE}.Ad-Hoc|iPhoneSimulator.Deploy.0 = Release|x86
		{0A8B9EEB-95FB-461B-828C-52329733C6CE}.Ad-Hoc|x64.ActiveCfg = Release|x64
		{0A8B9EEB-95FB-461B-828C-52329733C6CE}.Ad-Hoc|x64.Build.0 = Release|x64
		{0A8B9EEB-95FB-461B-828C-52329733C6CE}.Ad-Hoc|x64.Deploy.0 = Release|x64
		{0A8B9EEB-95FB-461B-828C-52329733C6CE}.Ad-Hoc|x86.ActiveCfg = Release|x86
		{0A8B9EEB-95FB-461B-828C-52329733C6CE}.Ad-Hoc|x86.Build.0 = Release|x86
		{0A8B9EEB-95FB-461B-828C-52329733C6CE}.Ad-Hoc|x86.Deploy.0 = Release|x86
		{0A8B9EEB-95FB-461B-828C-52329733C6CE}.AppStore|Any CPU.ActiveCfg = Release|x86
		{0A8B9EEB-95FB-461B-828C-52329733C6CE}.AppStore|Any CPU.Build.0 = Release|x86
		{0A8B9EEB-95FB-461B-828C-52329733C6CE}.AppStore|Any CPU.Deploy.0 = Release|x86
		{0A8B9EEB-95FB-461B-828C-52329733C6CE}.AppStore|ARM.ActiveCfg = Release|ARM
		{0A8B9EEB-95FB-461B-828C-52329733C6CE}.AppStore|ARM.Build.0 = Release|ARM
		{0A8B9EEB-95FB-461B-828C-52329733C6CE}.AppStore|ARM.Deploy.0 = Release|ARM
		{0A8B9EEB-95FB-461B-828C-52329733C6CE}.AppStore|iPhone.ActiveCfg = Release|x86
		{0A8B9EEB-95FB-461B-828C-52329733C6CE}.AppStore|iPhone.Build.0 = Release|x86
		{0A8B9EEB-95FB-461B-828C-52329733C6CE}.AppStore|iPhone.Deploy.0 = Release|x86
		{0A8B9EEB-95FB-461B-828C-52329733C6CE}.AppStore|iPhoneSimulator.ActiveCfg = Release|x86
		{0A8B9EEB-95FB-461B-828C-52329733C6CE}.AppStore|iPhoneSimulator.Build.0 = Release|x86
		{0A8B9EEB-95FB-461B-828C-52329733C6CE}.AppStore|iPhoneSimulator.Deploy.0 = Release|x86
		{0A8B9EEB-95FB-461B-828C-52329733C6CE}.AppStore|x64.ActiveCfg = Release|x64
		{0A8B9EEB-95FB-461B-828C-52329733C6CE}.AppStore|x64.Build.0 = Release|x64
		{0A8B9EEB-95FB-461B-828C-52329733C6CE}.AppStore|x64.Deploy.0 = Release|x64
		{0A8B9EEB-95FB-461B-828C-52329733C6CE}.AppStore|x86.ActiveCfg = Release|x86
		{0A8B9EEB-95FB-461B-828C-52329733C6CE}.AppStore|x86.Build.0 = Release|x86
		{0A8B9EEB-95FB-461B-828C-52329733C6CE}.AppStore|x86.Deploy.0 = Release|x86
		{0A8B9EEB-95FB-461B-828C-52329733C6CE}.Debug|Any CPU.ActiveCfg = Debug|x86
		{0A8B9EEB-95FB-461B-828C-52329733C6CE}.Debug|ARM.ActiveCfg = Debug|ARM
		{0A8B9EEB-95FB-461B-828C-52329733C6CE}.Debug|ARM.Build.0 = Debug|ARM
		{0A8B9EEB-95FB-461B-828C-52329733C6CE}.Debug|ARM.Deploy.0 = Debug|ARM
		{0A8B9EEB-95FB-461B-828C-52329733C6CE}.Debug|iPhone.ActiveCfg = Debug|x86
		{0A8B9EEB-95FB-461B-828C-52329733C6CE}.Debug|iPhoneSimulator.ActiveCfg = Debug|x86
		{0A8B9EEB-95FB-461B-828C-52329733C6CE}.Debug|x64.ActiveCfg = Debug|x64
		{0A8B9EEB-95FB-461B-828C-52329733C6CE}.Debug|x64.Build.0 = Debug|x64
		{0A8B9EEB-95FB-461B-828C-52329733C6CE}.Debug|x64.Deploy.0 = Debug|x64
		{0A8B9EEB-95FB-461B-828C-52329733C6CE}.Debug|x86.ActiveCfg = Debug|x86
		{0A8B9EEB-95FB-461B-828C-52329733C6CE}.Debug|x86.Build.0 = Debug|x86
		{0A8B9EEB-95FB-461B-828C-52329733C6CE}.Debug|x86.Deploy.0 = Debug|x86
		{0A8B9EEB-95FB-461B-828C-52329733C6CE}.Release|Any CPU.ActiveCfg = Release|x86
		{0A8B9EEB-95FB-461B-828C-52329733C6CE}.Release|ARM.ActiveCfg = Release|ARM
		{0A8B9EEB-95FB-461B-828C-52329733C6CE}.Release|ARM.Build.0 = Release|ARM
		{0A8B9EEB-95FB-461B-828C-52329733C6CE}.Release|ARM.Deploy.0 = Release|ARM
		{0A8B9EEB-95FB-461B-828C-52329733C6CE}.Release|iPhone.ActiveCfg = Release|x86
		{0A8B9EEB-95FB-461B-828C-52329733C6CE}.Release|iPhoneSimulator.ActiveCfg = Release|x86
		{0A8B9EEB-95FB-461B-828C-52329733C6CE}.Release|x64.ActiveCfg = Release|x64
		{0A8B9EEB-95FB-461B-828C-52329733C6CE}.Release|x64.Build.0 = Release|x64
		{0A8B9EEB-95FB-461B-828C-52329733C6CE}.Release|x64.Deploy.0 = Release|x64
		{0A8B9EEB-95FB-461B-828C-52329733C6CE}.Release|x86.ActiveCfg = Release|x86
		{0A8B9EEB-95FB-461B-828C-52329733C6CE}.Release|x86.Build.0 = Release|x86
		{0A8B9EEB-95FB-461B-828C-52329733C6CE}.Release|x86.Deploy.0 = Release|x86
		{0F412BDC-374E-4035-A776-B65D5939A12F}.Ad-Hoc|Any CPU.ActiveCfg = Ad-Hoc|iPhone
		{0F412BDC-374E-4035-A776-B65D5939A12F}.Ad-Hoc|ARM.ActiveCfg = Ad-Hoc|iPhone
		{0F412BDC-374E-4035-A776-B65D5939A12F}.Ad-Hoc|iPhone.ActiveCfg = Ad-Hoc|iPhone
		{0F412BDC-374E-4035-A776-B65D5939A12F}.Ad-Hoc|iPhone.Build.0 = Ad-Hoc|iPhone
		{0F412BDC-374E-4035-A776-B65D5939A12F}.Ad-Hoc|iPhoneSimulator.ActiveCfg = Ad-Hoc|iPhoneSimulator
		{0F412BDC-374E-4035-A776-B65D5939A12F}.Ad-Hoc|iPhoneSimulator.Build.0 = Ad-Hoc|iPhoneSimulator
		{0F412BDC-374E-4035-A776-B65D5939A12F}.Ad-Hoc|x64.ActiveCfg = Ad-Hoc|iPhone
		{0F412BDC-374E-4035-A776-B65D5939A12F}.Ad-Hoc|x86.ActiveCfg = Ad-Hoc|iPhone
		{0F412BDC-374E-4035-A776-B65D5939A12F}.AppStore|Any CPU.ActiveCfg = AppStore|iPhone
		{0F412BDC-374E-4035-A776-B65D5939A12F}.AppStore|ARM.ActiveCfg = AppStore|iPhone
		{0F412BDC-374E-4035-A776-B65D5939A12F}.AppStore|iPhone.ActiveCfg = AppStore|iPhone
		{0F412BDC-374E-4035-A776-B65D5939A12F}.AppStore|iPhone.Build.0 = AppStore|iPhone
		{0F412BDC-374E-4035-A776-B65D5939A12F}.AppStore|iPhoneSimulator.ActiveCfg = AppStore|iPhoneSimulator
		{0F412BDC-374E-4035-A776-B65D5939A12F}.AppStore|iPhoneSimulator.Build.0 = AppStore|iPhoneSimulator
		{0F412BDC-374E-4035-A776-B65D5939A12F}.AppStore|x64.ActiveCfg = AppStore|iPhone
		{0F412BDC-374E-4035-A776-B65D5939A12F}.AppStore|x86.ActiveCfg = AppStore|iPhone
		{0F412BDC-374E-4035-A776-B65D5939A12F}.Debug|Any CPU.ActiveCfg = Debug|iPhone
		{0F412BDC-374E-4035-A776-B65D5939A12F}.Debug|ARM.ActiveCfg = Debug|iPhone
		{0F412BDC-374E-4035-A776-B65D5939A12F}.Debug|iPhone.ActiveCfg = Debug|iPhone
		{0F412BDC-374E-4035-A776-B65D5939A12F}.Debug|iPhone.Build.0 = Debug|iPhone
		{0F412BDC-374E-4035-A776-B65D5939A12F}.Debug|iPhoneSimulator.ActiveCfg = Debug|iPhoneSimulator
		{0F412BDC-374E-4035-A776-B65D5939A12F}.Debug|iPhoneSimulator.Build.0 = Debug|iPhoneSimulator
		{0F412BDC-374E-4035-A776-B65D5939A12F}.Debug|x64.ActiveCfg = Debug|iPhone
		{0F412BDC-374E-4035-A776-B65D5939A12F}.Debug|x86.ActiveCfg = Debug|iPhone
		{0F412BDC-374E-4035-A776-B65D5939A12F}.Release|Any CPU.ActiveCfg = Release|iPhone
		{0F412BDC-374E-4035-A776-B65D5939A12F}.Release|ARM.ActiveCfg = Release|iPhone
		{0F412BDC-374E-4035-A776-B65D5939A12F}.Release|iPhone.ActiveCfg = Release|iPhone
		{0F412BDC-374E-4035-A776-B65D5939A12F}.Release|iPhone.Build.0 = Release|iPhone
		{0F412BDC-374E-4035-A776-B65D5939A12F}.Release|iPhoneSimulator.ActiveCfg = Release|iPhoneSimulator
		{0F412BDC-374E-4035-A776-B65D5939A12F}.Release|iPhoneSimulator.Build.0 = Release|iPhoneSimulator
		{0F412BDC-374E-4035-A776-B65D5939A12F}.Release|x64.ActiveCfg = Release|iPhone
		{0F412BDC-374E-4035-A776-B65D5939A12F}.Release|x86.ActiveCfg = Release|iPhone
	EndGlobalSection
	GlobalSection(SolutionProperties) = preSolution
		HideSolutionNode = FALSE
	EndGlobalSection
	GlobalSection(ExtensibilityGlobals) = postSolution
		SolutionGuid = {DE5374DD-AE71-440C-B9C9-76D92791A354}
	EndGlobalSection
EndGlobal
